{
  "object": {
    "pins": [
      {
        "package": "FileUtils",
        "repositoryURL": "https://github.com/oarrabi/FileUtils.git",
        "state": {
          "branch": null,
          "revision": "f4a5dcbfe912ee5076b6417c90aac5bfa7b12f55",
          "version": "0.1.1"
        }
      },
      {
        "package": "Guaka",
        "repositoryURL": "https://github.com/oarrabi/Guaka.git",
        "state": {
          "branch": null,
          "revision": "9dfb2ea95b8ab9e799d0f65a79a2316679a758e0",
          "version": "0.1.3"
        }
      },
      {
        "package": "Kanna",
        "repositoryURL": "https://github.com/tid-kijyun/Kanna.git",
        "state": {
          "branch": null,
          "revision": "2446979c1ba69f290aa3b5f028191a0120010da5",
          "version": "2.2.1"
        }
      },
      {
        "package": "Regex",
        "repositoryURL": "https://github.com/sharplet/Regex.git",
        "state": {
          "branch": null,
          "revision": "3e671ed911b467c0d9c05e56f03d9e5bcb535f39",
          "version": "1.1.0"
        }
      },
      {
        "package": "StringScanner",
        "repositoryURL": "https://github.com/oarrabi/StringScanner",
        "state": {
          "branch": null,
          "revision": "246c697efe2f57d9042f58b1b53ace4fddb1efc4",
          "version": "0.2.0"
        }
      },
      {
        "package": "HTMLEntities",
        "repositoryURL": "https://github.com/IBM-Swift/swift-html-entities.git",
        "state": {
          "branch": null,
          "revision": "9112c12bc5cc2b20fcaf1393c65a9cbbfda5a155",
          "version": "3.0.10"
        }
      },
      {
        "package": "SwiftClibxml2",
        "repositoryURL": "https://github.com/tid-kijyun/SwiftClibxml2.git",
        "state": {
          "branch": null,
          "revision": "c4e67cc970273fc2bee978d12e422974ff184de7",
          "version": "1.0.2"
        }
      },
      {
        "package": "Yams",
        "repositoryURL": "https://github.com/jpsim/Yams.git",
        "state": {
          "branch": null,
          "revision": "6652aa7b793d3c8a075db0614acb575fcaecf457",
          "version": "0.7.0"
        }
      }
    ]
  },
  "version": 1
}
